
Microsoft Visual Studio Solution File, Format Version 12.00
# Visual Studio Version 17
VisualStudioVersion = 17.9.34728.123
MinimumVisualStudioVersion = 10.0.40219.1
Project("{8BC9CEB8-8B4A-11D0-8D11-00A0C91BC942}") = "BOJ_30045", "BOJ_30045.vcxproj", "{EFE73130-D96B-4B4D-8A6F-03C6E98379B0}"
EndProject
Global
	GlobalSection(SolutionConfigurationPlatforms) = preSolution
		Debug|x64 = Debug|x64
		Release|x64 = Release|x64
	EndGlobalSection
	GlobalSection(ProjectConfigurationPlatforms) = postSolution
		{EFE73130-D96B-4B4D-8A6F-03C6E98379B0}.Debug|x64.ActiveCfg = Debug|x64
		{EFE73130-D96B-4B4D-8A6F-03C6E98379B0}.Debug|x64.Build.0 = Debug|x64
		{EFE73130-D96B-4B4D-8A6F-03C6E98379B0}.Release|x64.ActiveCfg = Release|x64
		{EFE73130-D96B-4B4D-8A6F-03C6E98379B0}.Release|x64.Build.0 = Release|x64
	EndGlobalSection
	GlobalSection(SolutionProperties) = preSolution
		HideSolutionNode = FALSE
	EndGlobalSection
	GlobalSection(ExtensibilityGlobals) = postSolution
		SolutionGuid = {807EA19A-412C-4E76-97F6-B58254D150E1}
	EndGlobalSection
EndGlobal
